# THIS IS AN AUTOGENERATED FILE. DO NOT EDIT THIS FILE DIRECTLY.
# yarn lockfile v1


"@types/estree@0.0.39":
  version "0.0.39"
  resolved "https://registry.npm.taobao.org/@types/estree/download/@types/estree-0.0.39.tgz#e177e699ee1b8c22d23174caaa7422644389509f"

"@types/node@^12.6.9":
  version "12.7.2"
  resolved "https://registry.npm.taobao.org/@types/node/download/@types/node-12.7.2.tgz#c4e63af5e8823ce9cc3f0b34f7b998c2171f0c44"

acorn@^6.2.1:
  version "6.3.0"
  resolved "https://registry.npm.taobao.org/acorn/download/acorn-6.3.0.tgz#0087509119ffa4fc0a0041d1e93a417e68cb856e"

estree-walker@^0.6.1:
  version "0.6.1"
  resolved "https://registry.npm.taobao.org/estree-walker/download/estree-walker-0.6.1.tgz#53049143f40c6eb918b23671d1fe3219f3a1b362"

path-parse@^1.0.6:
  version "1.0.6"
  resolved "https://registry.npm.taobao.org/path-parse/download/path-parse-1.0.6.tgz#d62dbb5679405d72c4737ec58600e9ddcf06d24c"

resolve@^1.10.0:
  version "1.12.0"
  resolved "https://registry.npm.taobao.org/resolve/download/resolve-1.12.0.tgz?cache=0&sync_timestamp=1564641434608&other_urls=https%3A%2F%2Fregistry.npm.taobao.org%2Fresolve%2Fdownload%2Fresolve-1.12.0.tgz#3fc644a35c84a48554609ff26ec52b66fa577df6"
  dependencies:
    path-parse "^1.0.6"

rollup-plugin-json@^4.0.0:
  version "4.0.0"
  resolved "https://registry.npmjs.org/rollup-plugin-json/-/rollup-plugin-json-4.0.0.tgz#a18da0a4b30bf5ca1ee76ddb1422afbb84ae2b9e"
  dependencies:
    rollup-pluginutils "^2.5.0"

rollup-plugin-typescript@^1.0.1:
  version "1.0.1"
  resolved "https://registry.npm.taobao.org/rollup-plugin-typescript/download/rollup-plugin-typescript-1.0.1.tgz#86565033b714c3d1f3aba510aad3dc519f7091e9"
  dependencies:
    resolve "^1.10.0"
    rollup-pluginutils "^2.5.0"

rollup-pluginutils@^2.5.0:
  version "2.8.1"
  resolved "https://registry.npm.taobao.org/rollup-pluginutils/download/rollup-pluginutils-2.8.1.tgz?cache=0&other_urls=https%3A%2F%2Fregistry.npm.taobao.org%2Frollup-pluginutils%2Fdownload%2Frollup-pluginutils-2.8.1.tgz#8fa6dd0697344938ef26c2c09d2488ce9e33ce97"
  dependencies:
    estree-walker "^0.6.1"

rollup@^1.19.4:
  version "1.19.4"
  resolved "https://registry.npm.taobao.org/rollup/download/rollup-1.19.4.tgz#0cb4e4d6fa127adab59b11d0be50e8dd1c78123a"
  dependencies:
    "@types/estree" "0.0.39"
    "@types/node" "^12.6.9"
    acorn "^6.2.1"

tslib@^1.9.3:
  version "1.10.0"
  resolved "https://registry.npm.taobao.org/tslib/download/tslib-1.10.0.tgz#c3c19f95973fb0a62973fb09d90d961ee43e5c8a"

typescript@^3.5.3:
  version "3.5.3"
  resolved "https://registry.npm.taobao.org/typescript/download/typescript-3.5.3.tgz?cache=0&other_urls=https%3A%2F%2Fregistry.npm.taobao.org%2Ftypescript%2Fdownload%2Ftypescript-3.5.3.tgz#c830f657f93f1ea846819e929092f5fe5983e977"

vue-function-api@^2.2.0:
  version "2.2.0"
  resolved "https://registry.npm.taobao.org/vue-function-api/download/vue-function-api-2.2.0.tgz#06aeb76fcbcf27d8591a1f87cee8d3d771d7feed"
  dependencies:
    tslib "^1.9.3"

vue@^2.6.10:
  version "2.6.10"
  resolved "https://registry.npm.taobao.org/vue/download/vue-2.6.10.tgz#a72b1a42a4d82a721ea438d1b6bf55e66195c637"
